{
  "name": "hexact",
  "version": "1.0.0",
  "lockfileVersion": 3,
  "requires": true,
  "packages": {
    "": {
      "name": "hexact",
      "version": "1.0.0",
      "license": "MIT",
      "devDependencies": {
        "serve": "^14.2.0"
      }
    },
    "node_modules/serve": {
      "version": "14.2.3",
      "resolved": "https://registry.npmjs.org/serve/-/serve-14.2.3.tgz",
      "integrity": "sha512-VqUFMC7K3LDGeGnJM9h56D3XGKb8l/05Y89M33Zvz8GhHJ4yVYJ...",
      "dev": true,
      "bin": { "serve": "bin/serve.js" },
      "engines": { "node": ">=14" }
    }
  }
}